// !$*UTF8*$!
{
	archiveVersion = 1;
	classes = {
	};
	objectVersion = 46;
	objects = {

/* Begin PBXBuildFile section */
		6E94BCC01F44A25200228BCC /* TempSectionView.m in Sources */ = {isa = PBXBuildFile; fileRef = 6E94BCBF1F44A25200228BCC /* TempSectionView.m */; };
		6EA04A9D1F3D825F0063A8B0 /* main.m in Sources */ = {isa = PBXBuildFile; fileRef = 6EA04A9C1F3D825F0063A8B0 /* main.m */; };
		6EA04AA01F3D825F0063A8B0 /* AppDelegate.m in Sources */ = {isa = PBXBuildFile; fileRef = 6EA04A9F1F3D825F0063A8B0 /* AppDelegate.m */; };
		6EA04AA31F3D825F0063A8B0 /* ViewController.m in Sources */ = {isa = PBXBuildFile; fileRef = 6EA04AA21F3D825F0063A8B0 /* ViewController.m */; };
		6EA04AA61F3D825F0063A8B0 /* Main.storyboard in Resources */ = {isa = PBXBuildFile; fileRef = 6EA04AA41F3D825F0063A8B0 /* Main.storyboard */; };
		6EA04AA81F3D825F0063A8B0 /* Assets.xcassets in Resources */ = {isa = PBXBuildFile; fileRef = 6EA04AA71F3D825F0063A8B0 /* Assets.xcassets */; };
		6EA04AAB1F3D825F0063A8B0 /* LaunchScreen.storyboard in Resources */ = {isa = PBXBuildFile; fileRef = 6EA04AA91F3D825F0063A8B0 /* LaunchScreen.storyboard */; };
		6EA04AB41F3D82D50063A8B0 /* TempCell.m in Sources */ = {isa = PBXBuildFile; fileRef = 6EA04AB31F3D82D50063A8B0 /* TempCell.m */; };
		6EA04AB71F3D82E80063A8B0 /* WaterFallFlowLayout.m in Sources */ = {isa = PBXBuildFile; fileRef = 6EA04AB61F3D82E80063A8B0 /* WaterFallFlowLayout.m */; };
		7E0C704352798FD9D4F52ACD /* libPods-CollectionViewDemo.a in Frameworks */ = {isa = PBXBuildFile; fileRef = 641D22914CF44F9147688625 /* libPods-CollectionViewDemo.a */; };
/* End PBXBuildFile section */

/* Begin PBXFileReference section */
		239B8FCFC2B48475A1E15262 /* Pods-CollectionViewDemo.release.xcconfig */ = {isa = PBXFileReference; includeInIndex = 1; lastKnownFileType = text.xcconfig; name = "Pods-CollectionViewDemo.release.xcconfig"; path = "Pods/Target Support Files/Pods-CollectionViewDemo/Pods-CollectionViewDemo.release.xcconfig"; sourceTree = "<group>"; };
		641D22914CF44F9147688625 /* libPods-CollectionViewDemo.a */ = {isa = PBXFileReference; explicitFileType = archive.ar; includeInIndex = 0; path = "libPods-CollectionViewDemo.a"; sourceTree = BUILT_PRODUCTS_DIR; };
		6E94BCBE1F44A25200228BCC /* TempSectionView.h */ = {isa = PBXFileReference; fileEncoding = 4; lastKnownFileType = sourcecode.c.h; path = TempSectionView.h; sourceTree = "<group>"; };
		6E94BCBF1F44A25200228BCC /* TempSectionView.m */ = {isa = PBXFileReference; fileEncoding = 4; lastKnownFileType = sourcecode.c.objc; path = TempSectionView.m; sourceTree = "<group>"; };
		6EA04A981F3D825F0063A8B0 /* CollectionViewDemo.app */ = {isa = PBXFileReference; explicitFileType = wrapper.application; includeInIndex = 0; path = CollectionViewDemo.app; sourceTree = BUILT_PRODUCTS_DIR; };
		6EA04A9C1F3D825F0063A8B0 /* main.m */ = {isa = PBXFileReference; lastKnownFileType = sourcecode.c.objc; path = main.m; sourceTree = "<group>"; };
		6EA04A9E1F3D825F0063A8B0 /* AppDelegate.h */ = {isa = PBXFileReference; lastKnownFileType = sourcecode.c.h; path = AppDelegate.h; sourceTree = "<group>"; };
		6EA04A9F1F3D825F0063A8B0 /* AppDelegate.m */ = {isa = PBXFileReference; lastKnownFileType = sourcecode.c.objc; path = AppDelegate.m; sourceTree = "<group>"; };
		6EA04AA11F3D825F0063A8B0 /* ViewController.h */ = {isa = PBXFileReference; lastKnownFileType = sourcecode.c.h; path = ViewController.h; sourceTree = "<group>"; };
		6EA04AA21F3D825F0063A8B0 /* ViewController.m */ = {isa = PBXFileReference; lastKnownFileType = sourcecode.c.objc; path = ViewController.m; sourceTree = "<group>"; };
		6EA04AA51F3D825F0063A8B0 /* Base */ = {isa = PBXFileReference; lastKnownFileType = file.storyboard; name = Base; path = Base.lproj/Main.storyboard; sourceTree = "<group>"; };
		6EA04AA71F3D825F0063A8B0 /* Assets.xcassets */ = {isa = PBXFileReference; lastKnownFileType = folder.assetcatalog; path = Assets.xcassets; sourceTree = "<group>"; };
		6EA04AAA1F3D825F0063A8B0 /* Base */ = {isa = PBXFileReference; lastKnownFileType = file.storyboard; name = Base; path = Base.lproj/LaunchScreen.storyboard; sourceTree = "<group>"; };
		6EA04AAC1F3D825F0063A8B0 /* Info.plist */ = {isa = PBXFileReference; lastKnownFileType = text.plist.xml; path = Info.plist; sourceTree = "<group>"; };
		6EA04AB21F3D82D50063A8B0 /* TempCell.h */ = {isa = PBXFileReference; fileEncoding = 4; lastKnownFileType = sourcecode.c.h; path = TempCell.h; sourceTree = "<group>"; };
		6EA04AB31F3D82D50063A8B0 /* TempCell.m */ = {isa = PBXFileReference; fileEncoding = 4; lastKnownFileType = sourcecode.c.objc; path = TempCell.m; sourceTree = "<group>"; };
		6EA04AB51F3D82E80063A8B0 /* WaterFallFlowLayout.h */ = {isa = PBXFileReference; fileEncoding = 4; lastKnownFileType = sourcecode.c.h; path = WaterFallFlowLayout.h; sourceTree = "<group>"; };
		6EA04AB61F3D82E80063A8B0 /* WaterFallFlowLayout.m */ = {isa = PBXFileReference; fileEncoding = 4; lastKnownFileType = sourcecode.c.objc; path = WaterFallFlowLayout.m; sourceTree = "<group>"; };
		F70CA9815A6B47EFCD204775 /* Pods-CollectionViewDemo.debug.xcconfig */ = {isa = PBXFileReference; includeInIndex = 1; lastKnownFileType = text.xcconfig; name = "Pods-CollectionViewDemo.debug.xcconfig"; path = "Pods/Target Support Files/Pods-CollectionViewDemo/Pods-CollectionViewDemo.debug.xcconfig"; sourceTree = "<group>"; };
/* End PBXFileReference section */

/* Begin PBXFrameworksBuildPhase section */
		6EA04A951F3D825F0063A8B0 /* Frameworks */ = {
			isa = PBXFrameworksBuildPhase;
			buildActionMask = 2147483647;
			files = (
				7E0C704352798FD9D4F52ACD /* libPods-CollectionViewDemo.a in Frameworks */,
			);
			runOnlyForDeploymentPostprocessing = 0;
		};
/* End PBXFrameworksBuildPhase section */

/* Begin PBXGroup section */
		6EA04A8F1F3D825F0063A8B0 = {
			isa = PBXGroup;
			children = (
				6EA04A9A1F3D825F0063A8B0 /* CollectionViewDemo */,
				6EA04A991F3D825F0063A8B0 /* Products */,
				C901251843F3DC4ECAB994E1 /* Pods */,
				BEE58D73D237DA0A2A442CB4 /* Frameworks */,
			);
			sourceTree = "<group>";
		};
		6EA04A991F3D825F0063A8B0 /* Products */ = {
			isa = PBXGroup;
			children = (
				6EA04A981F3D825F0063A8B0 /* CollectionViewDemo.app */,
			);
			name = Products;
			sourceTree = "<group>";
		};
		6EA04A9A1F3D825F0063A8B0 /* CollectionViewDemo */ = {
			isa = PBXGroup;
			children = (
				6EA04A9E1F3D825F0063A8B0 /* AppDelegate.h */,
				6EA04A9F1F3D825F0063A8B0 /* AppDelegate.m */,
				6EA04AA11F3D825F0063A8B0 /* ViewController.h */,
				6EA04AA21F3D825F0063A8B0 /* ViewController.m */,
				6E94BCBE1F44A25200228BCC /* TempSectionView.h */,
				6E94BCBF1F44A25200228BCC /* TempSectionView.m */,
				6EA04AB21F3D82D50063A8B0 /* TempCell.h */,
				6EA04AB31F3D82D50063A8B0 /* TempCell.m */,
				6EA04AB51F3D82E80063A8B0 /* WaterFallFlowLayout.h */,
				6EA04AB61F3D82E80063A8B0 /* WaterFallFlowLayout.m */,
				6EA04AA41F3D825F0063A8B0 /* Main.storyboard */,
				6EA04AA71F3D825F0063A8B0 /* Assets.xcassets */,
				6EA04AA91F3D825F0063A8B0 /* LaunchScreen.storyboard */,
				6EA04AAC1F3D825F0063A8B0 /* Info.plist */,
				6EA04A9B1F3D825F0063A8B0 /* Supporting Files */,
			);
			path = CollectionViewDemo;
			sourceTree = "<group>";
		};
		6EA04A9B1F3D825F0063A8B0 /* Supporting Files */ = {
			isa = PBXGroup;
			children = (
				6EA04A9C1F3D825F0063A8B0 /* main.m */,
			);
			name = "Supporting Files";
			sourceTree = "<group>";
		};
		BEE58D73D237DA0A2A442CB4 /* Frameworks */ = {
			isa = PBXGroup;
			children = (
				641D22914CF44F9147688625 /* libPods-CollectionViewDemo.a */,
			);
			name = Frameworks;
			sourceTree = "<group>";
		};
		C901251843F3DC4ECAB994E1 /* Pods */ = {
			isa = PBXGroup;
			children = (
				F70CA9815A6B47EFCD204775 /* Pods-CollectionViewDemo.debug.xcconfig */,
				239B8FCFC2B48475A1E15262 /* Pods-CollectionViewDemo.release.xcconfig */,
			);
			name = Pods;
			sourceTree = "<group>";
		};
/* End PBXGroup section */

/* Begin PBXNativeTarget section */
		6EA04A971F3D825F0063A8B0 /* CollectionViewDemo */ = {
			isa = PBXNativeTarget;
			buildConfigurationList = 6EA04AAF1F3D825F0063A8B0 /* Build configuration list for PBXNativeTarget "CollectionViewDemo" */;
			buildPhases = (
				279E258A04BE5A3188D4A079 /* [CP] Check Pods Manifest.lock */,
				6EA04A941F3D825F0063A8B0 /* Sources */,
				6EA04A951F3D825F0063A8B0 /* Frameworks */,
				6EA04A961F3D825F0063A8B0 /* Resources */,
				D4BBFE3432E1C0A9EA7F9541 /* [CP] Embed Pods Frameworks */,
				F65DF0134E45DD0AEC908E35 /* [CP] Copy Pods Resources */,
			);
			buildRules = (
			);
			dependencies = (
			);
			name = CollectionViewDemo;
			productName = CollectionViewDemo;
			productReference = 6EA04A981F3D825F0063A8B0 /* CollectionViewDemo.app */;
			productType = "com.apple.product-type.application";
		};
/* End PBXNativeTarget section */

/* Begin PBXProject section */
		6EA04A901F3D825F0063A8B0 /* Project object */ = {
			isa = PBXProject;
			attributes = {
				LastUpgradeCheck = 0830;
				ORGANIZATIONNAME = "赵立波";
				TargetAttributes = {
					6EA04A971F3D825F0063A8B0 = {
						CreatedOnToolsVersion = 8.3.3;
						DevelopmentTeam = 7KD22EQFBB;
						ProvisioningStyle = Automatic;
					};
				};
			};
			buildConfigurationList = 6EA04A931F3D825F0063A8B0 /* Build configuration list for PBXProject "CollectionViewDemo" */;
			compatibilityVersion = "Xcode 3.2";
			developmentRegion = English;
			hasScannedForEncodings = 0;
			knownRegions = (
				en,
				Base,
			);
			mainGroup = 6EA04A8F1F3D825F0063A8B0;
			productRefGroup = 6EA04A991F3D825F0063A8B0 /* Products */;
			projectDirPath = "";
			projectRoot = "";
			targets = (
				6EA04A971F3D825F0063A8B0 /* CollectionViewDemo */,
			);
		};
/* End PBXProject section */

/* Begin PBXResourcesBuildPhase section */
		6EA04A961F3D825F0063A8B0 /* Resources */ = {
			isa = PBXResourcesBuildPhase;
			buildActionMask = 2147483647;
			files = (
				6EA04AAB1F3D825F0063A8B0 /* LaunchScreen.storyboard in Resources */,
				6EA04AA81F3D825F0063A8B0 /* Assets.xcassets in Resources */,
				6EA04AA61F3D825F0063A8B0 /* Main.storyboard in Resources */,
			);
			runOnlyForDeploymentPostprocessing = 0;
		};
/* End PBXResourcesBuildPhase section */

/* Begin PBXShellScriptBuildPhase section */
		279E258A04BE5A3188D4A079 /* [CP] Check Pods Manifest.lock */ = {
			isa = PBXShellScriptBuildPhase;
			buildActionMask = 2147483647;
			files = (
			);
			inputPaths = (
				"${PODS_PODFILE_DIR_PATH}/Podfile.lock",
				"${PODS_ROOT}/Manifest.lock",
			);
			name = "[CP] Check Pods Manifest.lock";
			outputPaths = (
				"$(DERIVED_FILE_DIR)/Pods-CollectionViewDemo-checkManifestLockResult.txt",
			);
			runOnlyForDeploymentPostprocessing = 0;
			shellPath = /bin/sh;
			shellScript = "diff \"${PODS_PODFILE_DIR_PATH}/Podfile.lock\" \"${PODS_ROOT}/Manifest.lock\" > /dev/null\nif [ $? != 0 ] ; then\n    # print error to STDERR\n    echo \"error: The sandbox is not in sync with the Podfile.lock. Run 'pod install' or update your CocoaPods installation.\" >&2\n    exit 1\nfi\n# This output is used by Xcode 'outputs' to avoid re-running this script phase.\necho \"SUCCESS\" > \"${SCRIPT_OUTPUT_FILE_0}\"\n";
			showEnvVarsInLog = 0;
		};
		D4BBFE3432E1C0A9EA7F9541 /* [CP] Embed Pods Frameworks */ = {
			isa = PBXShellScriptBuildPhase;
			buildActionMask = 2147483647;
			files = (
			);
			inputPaths = (
			);
			name = "[CP] Embed Pods Frameworks";
			outputPaths = (
			);
			runOnlyForDeploymentPostprocessing = 0;
			shellPath = /bin/sh;
			shellScript = "\"${SRCROOT}/Pods/Target Support Files/Pods-CollectionViewDemo/Pods-CollectionViewDemo-frameworks.sh\"\n";
			showEnvVarsInLog = 0;
		};
		F65DF0134E45DD0AEC908E35 /* [CP] Copy Pods Resources */ = {
			isa = PBXShellScriptBuildPhase;
			buildActionMask = 2147483647;
			files = (
			);
			inputPaths = (
			);
			name = "[CP] Copy Pods Resources";
			outputPaths = (
			);
			runOnlyForDeploymentPostprocessing = 0;
			shellPath = /bin/sh;
			shellScript = "\"${SRCROOT}/Pods/Target Support Files/Pods-CollectionViewDemo/Pods-CollectionViewDemo-resources.sh\"\n";
			showEnvVarsInLog = 0;
		};
/* End PBXShellScriptBuildPhase section */

/* Begin PBXSourcesBuildPhase section */
		6EA04A941F3D825F0063A8B0 /* Sources */ = {
			isa = PBXSourcesBuildPhase;
			buildActionMask = 2147483647;
			files = (
				6EA04AA31F3D825F0063A8B0 /* ViewController.m in Sources */,
				6EA04AA01F3D825F0063A8B0 /* AppDelegate.m in Sources */,
				6E94BCC01F44A25200228BCC /* TempSectionView.m in Sources */,
				6EA04A9D1F3D825F0063A8B0 /* main.m in Sources */,
				6EA04AB71F3D82E80063A8B0 /* WaterFallFlowLayout.m in Sources */,
				6EA04AB41F3D82D50063A8B0 /* TempCell.m in Sources */,
			);
			runOnlyForDeploymentPostprocessing = 0;
		};
/* End PBXSourcesBuildPhase section */

/* Begin PBXVariantGroup section */
		6EA04AA41F3D825F0063A8B0 /* Main.storyboard */ = {
			isa = PBXVariantGroup;
			children = (
				6EA04AA51F3D825F0063A8B0 /* Base */,
			);
			name = Main.storyboard;
			sourceTree = "<group>";
		};
		6EA04AA91F3D825F0063A8B0 /* LaunchScreen.storyboard */ = {
			isa = PBXVariantGroup;
			children = (
				6EA04AAA1F3D825F0063A8B0 /* Base */,
			);
			name = LaunchScreen.storyboard;
			sourceTree = "<group>";
		};
/* End PBXVariantGroup section */

/* Begin XCBuildConfiguration section */
		6EA04AAD1F3D825F0063A8B0 /* Debug */ = {
			isa = XCBuildConfiguration;
			buildSettings = {
				ALWAYS_SEARCH_USER_PATHS = NO;
				CLANG_ANALYZER_NONNULL = YES;
				CLANG_ANALYZER_NUMBER_OBJECT_CONVERSION = YES_AGGRESSIVE;
				CLANG_CXX_LANGUAGE_STANDARD = "gnu++0x";
				CLANG_CXX_LIBRARY = "libc++";
				CLANG_ENABLE_MODULES = YES;
				CLANG_ENABLE_OBJC_ARC = YES;
				CLANG_WARN_BOOL_CONVERSION = YES;
				CLANG_WARN_CONSTANT_CONVERSION = YES;
				CLANG_WARN_DIRECT_OBJC_ISA_USAGE = YES_ERROR;
				CLANG_WARN_DOCUMENTATION_COMMENTS = YES;
				CLANG_WARN_EMPTY_BODY = YES;
				CLANG_WARN_ENUM_CONVERSION = YES;
				CLANG_WARN_INFINITE_RECURSION = YES;
				CLANG_WARN_INT_CONVERSION = YES;
				CLANG_WARN_OBJC_ROOT_CLASS = YES_ERROR;
				CLANG_WARN_SUSPICIOUS_MOVE = YES;
				CLANG_WARN_UNREACHABLE_CODE = YES;
				CLANG_WARN__DUPLICATE_METHOD_MATCH = YES;
				"CODE_SIGN_IDENTITY[sdk=iphoneos*]" = "iPhone Developer";
				COPY_PHASE_STRIP = NO;
				DEBUG_INFORMATION_FORMAT = dwarf;
				ENABLE_STRICT_OBJC_MSGSEND = YES;
				ENABLE_TESTABILITY = YES;
				GCC_C_LANGUAGE_STANDARD = gnu99;
				GCC_DYNAMIC_NO_PIC = NO;
				GCC_NO_COMMON_BLOCKS = YES;
				GCC_OPTIMIZATION_LEVEL = 0;
				GCC_PREPROCESSOR_DEFINITIONS = (
					"DEBUG=1",
					"$(inherited)",
				);
				GCC_WARN_64_TO_32_BIT_CONVERSION = YES;
				GCC_WARN_ABOUT_RETURN_TYPE = YES_ERROR;
				GCC_WARN_UNDECLARED_SELECTOR = YES;
				GCC_WARN_UNINITIALIZED_AUTOS = YES_AGGRESSIVE;
				GCC_WARN_UNUSED_FUNCTION = YES;
				GCC_WARN_UNUSED_VARIABLE = YES;
				IPHONEOS_DEPLOYMENT_TARGET = 10.3;
				MTL_ENABLE_DEBUG_INFO = YES;
				ONLY_ACTIVE_ARCH = YES;
				SDKROOT = iphoneos;
				TARGETED_DEVICE_FAMILY = "1,2";
			};
			name = Debug;
		};
		6EA04AAE1F3D825F0063A8B0 /* Release */ = {
			isa = XCBuildConfiguration;
			buildSettings = {
				ALWAYS_SEARCH_USER_PATHS = NO;
				CLANG_ANALYZER_NONNULL = YES;
				CLANG_ANALYZER_NUMBER_OBJECT_CONVERSION = YES_AGGRESSIVE;
				CLANG_CXX_LANGUAGE_STANDARD = "gnu++0x";
				CLANG_CXX_LIBRARY = "libc++";
				CLANG_ENABLE_MODULES = YES;
				CLANG_ENABLE_OBJC_ARC = YES;
				CLANG_WARN_BOOL_CONVERSION = YES;
				CLANG_WARN_CONSTANT_CONVERSION = YES;
				CLANG_WARN_DIRECT_OBJC_ISA_USAGE = YES_ERROR;
				CLANG_WARN_DOCUMENTATION_COMMENTS = YES;
				CLANG_WARN_EMPTY_BODY = YES;
				CLANG_WARN_ENUM_CONVERSION = YES;
				CLANG_WARN_INFINITE_RECURSION = YES;
				CLANG_WARN_INT_CONVERSION = YES;
				CLANG_WARN_OBJC_ROOT_CLASS = YES_ERROR;
				CLANG_WARN_SUSPICIOUS_MOVE = YES;
				CLANG_WARN_UNREACHABLE_CODE = YES;
				CLANG_WARN__DUPLICATE_METHOD_MATCH = YES;
				"CODE_SIGN_IDENTITY[sdk=iphoneos*]" = "iPhone Developer";
				COPY_PHASE_STRIP = NO;
				DEBUG_INFORMATION_FORMAT = "dwarf-with-dsym";
				ENABLE_NS_ASSERTIONS = NO;
				ENABLE_STRICT_OBJC_MSGSEND = YES;
				GCC_C_LANGUAGE_STANDARD = gnu99;
				GCC_NO_COMMON_BLOCKS = YES;
				GCC_WARN_64_TO_32_BIT_CONVERSION = YES;
				GCC_WARN_ABOUT_RETURN_TYPE = YES_ERROR;
				GCC_WARN_UNDECLARED_SELECTOR = YES;
				GCC_WARN_UNINITIALIZED_AUTOS = YES_AGGRESSIVE;
				GCC_WARN_UNUSED_FUNCTION = YES;
				GCC_WARN_UNUSED_VARIABLE = YES;
				IPHONEOS_DEPLOYMENT_TARGET = 10.3;
				MTL_ENABLE_DEBUG_INFO = NO;
				SDKROOT = iphoneos;
				TARGETED_DEVICE_FAMILY = "1,2";
				VALIDATE_PRODUCT = YES;
			};
			name = Release;
		};
		6EA04AB01F3D825F0063A8B0 /* Debug */ = {
			isa = XCBuildConfiguration;
			baseConfigurationReference = F70CA9815A6B47EFCD204775 /* Pods-CollectionViewDemo.debug.xcconfig */;
			buildSettings = {
				ASSETCATALOG_COMPILER_APPICON_NAME = AppIcon;
				DEVELOPMENT_TEAM = 7KD22EQFBB;
				INFOPLIST_FILE = CollectionViewDemo/Info.plist;
				IPHONEOS_DEPLOYMENT_TARGET = 8.0;
				LD_RUNPATH_SEARCH_PATHS = "$(inherited) @executable_path/Frameworks";
				PRODUCT_BUNDLE_IDENTIFIER = com.arcsoft.CollectionViewDemo;
				PRODUCT_NAME = "$(TARGET_NAME)";
			};
			name = Debug;
		};
		6EA04AB11F3D825F0063A8B0 /* Release */ = {
			isa = XCBuildConfiguration;
			baseConfigurationReference = 239B8FCFC2B48475A1E15262 /* Pods-CollectionViewDemo.release.xcconfig */;
			buildSettings = {
				ASSETCATALOG_COMPILER_APPICON_NAME = AppIcon;
				DEVELOPMENT_TEAM = 7KD22EQFBB;
				INFOPLIST_FILE = CollectionViewDemo/Info.plist;
				IPHONEOS_DEPLOYMENT_TARGET = 8.0;
				LD_RUNPATH_SEARCH_PATHS = "$(inherited) @executable_path/Frameworks";
				PRODUCT_BUNDLE_IDENTIFIER = com.arcsoft.CollectionViewDemo;
				PRODUCT_NAME = "$(TARGET_NAME)";
			};
			name = Release;
		};
/* End XCBuildConfiguration section */

/* Begin XCConfigurationList section */
		6EA04A931F3D825F0063A8B0 /* Build configuration list for PBXProject "CollectionViewDemo" */ = {
			isa = XCConfigurationList;
			buildConfigurations = (
				6EA04AAD1F3D825F0063A8B0 /* Debug */,
				6EA04AAE1F3D825F0063A8B0 /* Release */,
			);
			defaultConfigurationIsVisible = 0;
			defaultConfigurationName = Release;
		};
		6EA04AAF1F3D825F0063A8B0 /* Build configuration list for PBXNativeTarget "CollectionViewDemo" */ = {
			isa = XCConfigurationList;
			buildConfigurations = (
				6EA04AB01F3D825F0063A8B0 /* Debug */,
				6EA04AB11F3D825F0063A8B0 /* Release */,
			);
			defaultConfigurationIsVisible = 0;
			defaultConfigurationName = Release;
		};
/* End XCConfigurationList section */
	};
	rootObject = 6EA04A901F3D825F0063A8B0 /* Project object */;
}
